
Microsoft Visual Studio Solution File, Format Version 12.00
# Visual Studio 15
Project("{FAE04EC0-301F-11D3-BF4B-00C04F79EFBC}") = "portalIndex", "portalIndex.csproj", "{CA8ADEBD-4C78-4621-8FA1-3BC1F2701E89}"
EndProject
Global
	GlobalSection(SolutionConfigurationPlatforms) = preSolution
		Debug|Any CPU = Debug|Any CPU
		Release|Any CPU = Release|Any CPU
	EndGlobalSection
	GlobalSection(ProjectConfigurationPlatforms) = postSolution
		{CA8ADEBD-4C78-4621-8FA1-3BC1F2701E89}.Debug|Any CPU.ActiveCfg = Debug|Any CPU
		{CA8ADEBD-4C78-4621-8FA1-3BC1F2701E89}.Debug|Any CPU.Build.0 = Debug|Any CPU
		{CA8ADEBD-4C78-4621-8FA1-3BC1F2701E89}.Release|Any CPU.ActiveCfg = Release|Any CPU
		{CA8ADEBD-4C78-4621-8FA1-3BC1F2701E89}.Release|Any CPU.Build.0 = Release|Any CPU
	EndGlobalSection
EndGlobal
